
Microsoft Visual Studio Solution File, Format Version 12.00
# Visual Studio Version 16
VisualStudioVersion = 16.0.31320.298
MinimumVisualStudioVersion = 10.0.40219.1
Project("{9A19103F-16F7-4668-BE54-9A1E7A4F7556}") = "VaxxFront.Server", "VaxxFront\Server\VaxxFront.Server.csproj", "{1D7D3307-859B-4FA8-8AA6-DFF21B4F6625}"
EndProject
Project("{9A19103F-16F7-4668-BE54-9A1E7A4F7556}") = "VaxxFront.Client", "VaxxFront\Client\VaxxFront.Client.csproj", "{9F135A79-A647-4077-BBBB-6D66C9E312B6}"
EndProject
Project("{9A19103F-16F7-4668-BE54-9A1E7A4F7556}") = "VaxxFront.Shared", "VaxxFront\Shared\VaxxFront.Shared.csproj", "{8948730A-3ADD-4CB4-8191-FEDB400EBF6F}"
EndProject
Global
	GlobalSection(SolutionConfigurationPlatforms) = preSolution
		Debug|Any CPU = Debug|Any CPU
		Release|Any CPU = Release|Any CPU
	EndGlobalSection
	GlobalSection(ProjectConfigurationPlatforms) = postSolution
		{1D7D3307-859B-4FA8-8AA6-DFF21B4F6625}.Debug|Any CPU.ActiveCfg = Debug|Any CPU
		{1D7D3307-859B-4FA8-8AA6-DFF21B4F6625}.Debug|Any CPU.Build.0 = Debug|Any CPU
		{1D7D3307-859B-4FA8-8AA6-DFF21B4F6625}.Release|Any CPU.ActiveCfg = Release|Any CPU
		{1D7D3307-859B-4FA8-8AA6-DFF21B4F6625}.Release|Any CPU.Build.0 = Release|Any CPU
		{9F135A79-A647-4077-BBBB-6D66C9E312B6}.Debug|Any CPU.ActiveCfg = Debug|Any CPU
		{9F135A79-A647-4077-BBBB-6D66C9E312B6}.Debug|Any CPU.Build.0 = Debug|Any CPU
		{9F135A79-A647-4077-BBBB-6D66C9E312B6}.Release|Any CPU.ActiveCfg = Release|Any CPU
		{9F135A79-A647-4077-BBBB-6D66C9E312B6}.Release|Any CPU.Build.0 = Release|Any CPU
		{8948730A-3ADD-4CB4-8191-FEDB400EBF6F}.Debug|Any CPU.ActiveCfg = Debug|Any CPU
		{8948730A-3ADD-4CB4-8191-FEDB400EBF6F}.Debug|Any CPU.Build.0 = Debug|Any CPU
		{8948730A-3ADD-4CB4-8191-FEDB400EBF6F}.Release|Any CPU.ActiveCfg = Release|Any CPU
		{8948730A-3ADD-4CB4-8191-FEDB400EBF6F}.Release|Any CPU.Build.0 = Release|Any CPU
	EndGlobalSection
	GlobalSection(SolutionProperties) = preSolution
		HideSolutionNode = FALSE
	EndGlobalSection
	GlobalSection(ExtensibilityGlobals) = postSolution
		SolutionGuid = {293E4E0A-3FF2-4232-9051-0F3EBA1EEBDD}
	EndGlobalSection
EndGlobal
